// !$*UTF8*$!
{
	archiveVersion = 1;
	classes = {
	};
	objectVersion = 46;
	objects = {

/* Begin PBXBuildFile section */
		85151E641AE6C73D0003B148 /* AppDelegate.swift in Sources */ = {isa = PBXBuildFile; fileRef = 85151E631AE6C73D0003B148 /* AppDelegate.swift */; };
		85151E661AE6C73D0003B148 /* EventTableViewController.swift in Sources */ = {isa = PBXBuildFile; fileRef = 85151E651AE6C73D0003B148 /* EventTableViewController.swift */; };
		85151E691AE6C73D0003B148 /* Main.storyboard in Resources */ = {isa = PBXBuildFile; fileRef = 85151E671AE6C73D0003B148 /* Main.storyboard */; };
		85151E6B1AE6C73D0003B148 /* Images.xcassets in Resources */ = {isa = PBXBuildFile; fileRef = 85151E6A1AE6C73D0003B148 /* Images.xcassets */; };
		85151E6E1AE6C73D0003B148 /* LaunchScreen.xib in Resources */ = {isa = PBXBuildFile; fileRef = 85151E6C1AE6C73D0003B148 /* LaunchScreen.xib */; };
		85151E7A1AE6C73E0003B148 /* FacebookEventsTests.swift in Sources */ = {isa = PBXBuildFile; fileRef = 85151E791AE6C73E0003B148 /* FacebookEventsTests.swift */; };
		85151E891AE6C7970003B148 /* Event.swift in Sources */ = {isa = PBXBuildFile; fileRef = 85151E831AE6C7970003B148 /* Event.swift */; };
		85151E8A1AE6C7970003B148 /* EventDetails.swift in Sources */ = {isa = PBXBuildFile; fileRef = 85151E841AE6C7970003B148 /* EventDetails.swift */; };
		85151E8B1AE6C7970003B148 /* EventService.swift in Sources */ = {isa = PBXBuildFile; fileRef = 85151E851AE6C7970003B148 /* EventService.swift */; };
		85151E8C1AE6C7970003B148 /* JSONParser.swift in Sources */ = {isa = PBXBuildFile; fileRef = 85151E871AE6C7970003B148 /* JSONParser.swift */; };
		85151E8D1AE6C7970003B148 /* Venue.swift in Sources */ = {isa = PBXBuildFile; fileRef = 85151E881AE6C7970003B148 /* Venue.swift */; };
		851F4D271AE83DA900E45406 /* FBSDKCoreKit.framework in Frameworks */ = {isa = PBXBuildFile; fileRef = 851F4D251AE83DA900E45406 /* FBSDKCoreKit.framework */; };
		851F4D281AE83DA900E45406 /* FBSDKLoginKit.framework in Frameworks */ = {isa = PBXBuildFile; fileRef = 851F4D261AE83DA900E45406 /* FBSDKLoginKit.framework */; };
/* End PBXBuildFile section */

/* Begin PBXContainerItemProxy section */
		85151E741AE6C73D0003B148 /* PBXContainerItemProxy */ = {
			isa = PBXContainerItemProxy;
			containerPortal = 85151E561AE6C73D0003B148 /* Project object */;
			proxyType = 1;
			remoteGlobalIDString = 85151E5D1AE6C73D0003B148;
			remoteInfo = FacebookEvents;
		};
/* End PBXContainerItemProxy section */

/* Begin PBXFileReference section */
		85151E5E1AE6C73D0003B148 /* FacebookEvents.app */ = {isa = PBXFileReference; explicitFileType = wrapper.application; includeInIndex = 0; path = FacebookEvents.app; sourceTree = BUILT_PRODUCTS_DIR; };
		85151E621AE6C73D0003B148 /* Info.plist */ = {isa = PBXFileReference; lastKnownFileType = text.plist.xml; path = Info.plist; sourceTree = "<group>"; };
		85151E631AE6C73D0003B148 /* AppDelegate.swift */ = {isa = PBXFileReference; lastKnownFileType = sourcecode.swift; path = AppDelegate.swift; sourceTree = "<group>"; };
		85151E651AE6C73D0003B148 /* EventTableViewController.swift */ = {isa = PBXFileReference; lastKnownFileType = sourcecode.swift; path = EventTableViewController.swift; sourceTree = "<group>"; };
		85151E681AE6C73D0003B148 /* Base */ = {isa = PBXFileReference; lastKnownFileType = file.storyboard; name = Base; path = Base.lproj/Main.storyboard; sourceTree = "<group>"; };
		85151E6A1AE6C73D0003B148 /* Images.xcassets */ = {isa = PBXFileReference; lastKnownFileType = folder.assetcatalog; path = Images.xcassets; sourceTree = "<group>"; };
		85151E6D1AE6C73D0003B148 /* Base */ = {isa = PBXFileReference; lastKnownFileType = file.xib; name = Base; path = Base.lproj/LaunchScreen.xib; sourceTree = "<group>"; };
		85151E731AE6C73D0003B148 /* FacebookEventsTests.xctest */ = {isa = PBXFileReference; explicitFileType = wrapper.cfbundle; includeInIndex = 0; path = FacebookEventsTests.xctest; sourceTree = BUILT_PRODUCTS_DIR; };
		85151E781AE6C73E0003B148 /* Info.plist */ = {isa = PBXFileReference; lastKnownFileType = text.plist.xml; path = Info.plist; sourceTree = "<group>"; };
		85151E791AE6C73E0003B148 /* FacebookEventsTests.swift */ = {isa = PBXFileReference; lastKnownFileType = sourcecode.swift; path = FacebookEventsTests.swift; sourceTree = "<group>"; };
		85151E831AE6C7970003B148 /* Event.swift */ = {isa = PBXFileReference; fileEncoding = 4; lastKnownFileType = sourcecode.swift; path = Event.swift; sourceTree = "<group>"; };
		85151E841AE6C7970003B148 /* EventDetails.swift */ = {isa = PBXFileReference; fileEncoding = 4; lastKnownFileType = sourcecode.swift; path = EventDetails.swift; sourceTree = "<group>"; };
		85151E851AE6C7970003B148 /* EventService.swift */ = {isa = PBXFileReference; fileEncoding = 4; lastKnownFileType = sourcecode.swift; path = EventService.swift; sourceTree = "<group>"; };
		85151E861AE6C7970003B148 /* FacebookEvents-Bridging-Header.h */ = {isa = PBXFileReference; fileEncoding = 4; lastKnownFileType = sourcecode.c.h; path = "FacebookEvents-Bridging-Header.h"; sourceTree = "<group>"; };
		85151E871AE6C7970003B148 /* JSONParser.swift */ = {isa = PBXFileReference; fileEncoding = 4; lastKnownFileType = sourcecode.swift; path = JSONParser.swift; sourceTree = "<group>"; };
		85151E881AE6C7970003B148 /* Venue.swift */ = {isa = PBXFileReference; fileEncoding = 4; lastKnownFileType = sourcecode.swift; path = Venue.swift; sourceTree = "<group>"; };
		851F4D251AE83DA900E45406 /* FBSDKCoreKit.framework */ = {isa = PBXFileReference; lastKnownFileType = wrapper.framework; path = FBSDKCoreKit.framework; sourceTree = "<group>"; };
		851F4D261AE83DA900E45406 /* FBSDKLoginKit.framework */ = {isa = PBXFileReference; lastKnownFileType = wrapper.framework; path = FBSDKLoginKit.framework; sourceTree = "<group>"; };
/* End PBXFileReference section */

/* Begin PBXFrameworksBuildPhase section */
		85151E5B1AE6C73D0003B148 /* Frameworks */ = {
			isa = PBXFrameworksBuildPhase;
			buildActionMask = 2147483647;
			files = (
				851F4D281AE83DA900E45406 /* FBSDKLoginKit.framework in Frameworks */,
				851F4D271AE83DA900E45406 /* FBSDKCoreKit.framework in Frameworks */,
			);
			runOnlyForDeploymentPostprocessing = 0;
		};
		85151E701AE6C73D0003B148 /* Frameworks */ = {
			isa = PBXFrameworksBuildPhase;
			buildActionMask = 2147483647;
			files = (
			);
			runOnlyForDeploymentPostprocessing = 0;
		};
/* End PBXFrameworksBuildPhase section */

/* Begin PBXGroup section */
		85151E551AE6C73D0003B148 = {
			isa = PBXGroup;
			children = (
				85151E601AE6C73D0003B148 /* FacebookEvents */,
				85151E761AE6C73D0003B148 /* FacebookEventsTests */,
				85151E5F1AE6C73D0003B148 /* Products */,
			);
			sourceTree = "<group>";
		};
		85151E5F1AE6C73D0003B148 /* Products */ = {
			isa = PBXGroup;
			children = (
				85151E5E1AE6C73D0003B148 /* FacebookEvents.app */,
				85151E731AE6C73D0003B148 /* FacebookEventsTests.xctest */,
			);
			name = Products;
			sourceTree = "<group>";
		};
		85151E601AE6C73D0003B148 /* FacebookEvents */ = {
			isa = PBXGroup;
			children = (
				851F4D251AE83DA900E45406 /* FBSDKCoreKit.framework */,
				851F4D261AE83DA900E45406 /* FBSDKLoginKit.framework */,
				85151E631AE6C73D0003B148 /* AppDelegate.swift */,
				85151E921AE6C8420003B148 /* bridge */,
				85151E911AE6C7F60003B148 /* models */,
				85151E901AE6C7F00003B148 /* services */,
				85151E931AE6C8610003B148 /* viewcontrollers */,
				85151E671AE6C73D0003B148 /* Main.storyboard */,
				85151E6A1AE6C73D0003B148 /* Images.xcassets */,
				85151E6C1AE6C73D0003B148 /* LaunchScreen.xib */,
				85151E611AE6C73D0003B148 /* Supporting Files */,
			);
			path = FacebookEvents;
			sourceTree = "<group>";
		};
		85151E611AE6C73D0003B148 /* Supporting Files */ = {
			isa = PBXGroup;
			children = (
				85151E621AE6C73D0003B148 /* Info.plist */,
			);
			name = "Supporting Files";
			sourceTree = "<group>";
		};
		85151E761AE6C73D0003B148 /* FacebookEventsTests */ = {
			isa = PBXGroup;
			children = (
				85151E791AE6C73E0003B148 /* FacebookEventsTests.swift */,
				85151E771AE6C73E0003B148 /* Supporting Files */,
			);
			path = FacebookEventsTests;
			sourceTree = "<group>";
		};
		85151E771AE6C73E0003B148 /* Supporting Files */ = {
			isa = PBXGroup;
			children = (
				85151E781AE6C73E0003B148 /* Info.plist */,
			);
			name = "Supporting Files";
			sourceTree = "<group>";
		};
		85151E901AE6C7F00003B148 /* services */ = {
			isa = PBXGroup;
			children = (
				85151E851AE6C7970003B148 /* EventService.swift */,
				85151E871AE6C7970003B148 /* JSONParser.swift */,
			);
			name = services;
			sourceTree = "<group>";
		};
		85151E911AE6C7F60003B148 /* models */ = {
			isa = PBXGroup;
			children = (
				85151E831AE6C7970003B148 /* Event.swift */,
				85151E881AE6C7970003B148 /* Venue.swift */,
				85151E841AE6C7970003B148 /* EventDetails.swift */,
			);
			name = models;
			sourceTree = "<group>";
		};
		85151E921AE6C8420003B148 /* bridge */ = {
			isa = PBXGroup;
			children = (
				85151E861AE6C7970003B148 /* FacebookEvents-Bridging-Header.h */,
			);
			name = bridge;
			sourceTree = "<group>";
		};
		85151E931AE6C8610003B148 /* viewcontrollers */ = {
			isa = PBXGroup;
			children = (
				85151E651AE6C73D0003B148 /* EventTableViewController.swift */,
			);
			name = viewcontrollers;
			sourceTree = "<group>";
		};
/* End PBXGroup section */

/* Begin PBXNativeTarget section */
		85151E5D1AE6C73D0003B148 /* FacebookEvents */ = {
			isa = PBXNativeTarget;
			buildConfigurationList = 85151E7D1AE6C73E0003B148 /* Build configuration list for PBXNativeTarget "FacebookEvents" */;
			buildPhases = (
				85151E5A1AE6C73D0003B148 /* Sources */,
				85151E5B1AE6C73D0003B148 /* Frameworks */,
				85151E5C1AE6C73D0003B148 /* Resources */,
			);
			buildRules = (
			);
			dependencies = (
			);
			name = FacebookEvents;
			productName = FacebookEvents;
			productReference = 85151E5E1AE6C73D0003B148 /* FacebookEvents.app */;
			productType = "com.apple.product-type.application";
		};
		85151E721AE6C73D0003B148 /* FacebookEventsTests */ = {
			isa = PBXNativeTarget;
			buildConfigurationList = 85151E801AE6C73E0003B148 /* Build configuration list for PBXNativeTarget "FacebookEventsTests" */;
			buildPhases = (
				85151E6F1AE6C73D0003B148 /* Sources */,
				85151E701AE6C73D0003B148 /* Frameworks */,
				85151E711AE6C73D0003B148 /* Resources */,
			);
			buildRules = (
			);
			dependencies = (
				85151E751AE6C73D0003B148 /* PBXTargetDependency */,
			);
			name = FacebookEventsTests;
			productName = FacebookEventsTests;
			productReference = 85151E731AE6C73D0003B148 /* FacebookEventsTests.xctest */;
			productType = "com.apple.product-type.bundle.unit-test";
		};
/* End PBXNativeTarget section */

/* Begin PBXProject section */
		85151E561AE6C73D0003B148 /* Project object */ = {
			isa = PBXProject;
			attributes = {
				LastUpgradeCheck = 0630;
				ORGANIZATIONNAME = Bekk;
				TargetAttributes = {
					85151E5D1AE6C73D0003B148 = {
						CreatedOnToolsVersion = 6.3;
					};
					85151E721AE6C73D0003B148 = {
						CreatedOnToolsVersion = 6.3;
						TestTargetID = 85151E5D1AE6C73D0003B148;
					};
				};
			};
			buildConfigurationList = 85151E591AE6C73D0003B148 /* Build configuration list for PBXProject "FacebookEvents" */;
			compatibilityVersion = "Xcode 3.2";
			developmentRegion = English;
			hasScannedForEncodings = 0;
			knownRegions = (
				en,
				Base,
			);
			mainGroup = 85151E551AE6C73D0003B148;
			productRefGroup = 85151E5F1AE6C73D0003B148 /* Products */;
			projectDirPath = "";
			projectRoot = "";
			targets = (
				85151E5D1AE6C73D0003B148 /* FacebookEvents */,
				85151E721AE6C73D0003B148 /* FacebookEventsTests */,
			);
		};
/* End PBXProject section */

/* Begin PBXResourcesBuildPhase section */
		85151E5C1AE6C73D0003B148 /* Resources */ = {
			isa = PBXResourcesBuildPhase;
			buildActionMask = 2147483647;
			files = (
				85151E691AE6C73D0003B148 /* Main.storyboard in Resources */,
				85151E6E1AE6C73D0003B148 /* LaunchScreen.xib in Resources */,
				85151E6B1AE6C73D0003B148 /* Images.xcassets in Resources */,
			);
			runOnlyForDeploymentPostprocessing = 0;
		};
		85151E711AE6C73D0003B148 /* Resources */ = {
			isa = PBXResourcesBuildPhase;
			buildActionMask = 2147483647;
			files = (
			);
			runOnlyForDeploymentPostprocessing = 0;
		};
/* End PBXResourcesBuildPhase section */

/* Begin PBXSourcesBuildPhase section */
		85151E5A1AE6C73D0003B148 /* Sources */ = {
			isa = PBXSourcesBuildPhase;
			buildActionMask = 2147483647;
			files = (
				85151E661AE6C73D0003B148 /* EventTableViewController.swift in Sources */,
				85151E8A1AE6C7970003B148 /* EventDetails.swift in Sources */,
				85151E8C1AE6C7970003B148 /* JSONParser.swift in Sources */,
				85151E8D1AE6C7970003B148 /* Venue.swift in Sources */,
				85151E891AE6C7970003B148 /* Event.swift in Sources */,
				85151E8B1AE6C7970003B148 /* EventService.swift in Sources */,
				85151E641AE6C73D0003B148 /* AppDelegate.swift in Sources */,
			);
			runOnlyForDeploymentPostprocessing = 0;
		};
		85151E6F1AE6C73D0003B148 /* Sources */ = {
			isa = PBXSourcesBuildPhase;
			buildActionMask = 2147483647;
			files = (
				85151E7A1AE6C73E0003B148 /* FacebookEventsTests.swift in Sources */,
			);
			runOnlyForDeploymentPostprocessing = 0;
		};
/* End PBXSourcesBuildPhase section */

/* Begin PBXTargetDependency section */
		85151E751AE6C73D0003B148 /* PBXTargetDependency */ = {
			isa = PBXTargetDependency;
			target = 85151E5D1AE6C73D0003B148 /* FacebookEvents */;
			targetProxy = 85151E741AE6C73D0003B148 /* PBXContainerItemProxy */;
		};
/* End PBXTargetDependency section */

/* Begin PBXVariantGroup section */
		85151E671AE6C73D0003B148 /* Main.storyboard */ = {
			isa = PBXVariantGroup;
			children = (
				85151E681AE6C73D0003B148 /* Base */,
			);
			name = Main.storyboard;
			sourceTree = "<group>";
		};
		85151E6C1AE6C73D0003B148 /* LaunchScreen.xib */ = {
			isa = PBXVariantGroup;
			children = (
				85151E6D1AE6C73D0003B148 /* Base */,
			);
			name = LaunchScreen.xib;
			sourceTree = "<group>";
		};
/* End PBXVariantGroup section */

/* Begin XCBuildConfiguration section */
		85151E7B1AE6C73E0003B148 /* Debug */ = {
			isa = XCBuildConfiguration;
			buildSettings = {
				ALWAYS_SEARCH_USER_PATHS = NO;
				CLANG_CXX_LANGUAGE_STANDARD = "gnu++0x";
				CLANG_CXX_LIBRARY = "libc++";
				CLANG_ENABLE_MODULES = YES;
				CLANG_ENABLE_OBJC_ARC = YES;
				CLANG_WARN_BOOL_CONVERSION = YES;
				CLANG_WARN_CONSTANT_CONVERSION = YES;
				CLANG_WARN_DIRECT_OBJC_ISA_USAGE = YES_ERROR;
				CLANG_WARN_EMPTY_BODY = YES;
				CLANG_WARN_ENUM_CONVERSION = YES;
				CLANG_WARN_INT_CONVERSION = YES;
				CLANG_WARN_OBJC_ROOT_CLASS = YES_ERROR;
				CLANG_WARN_UNREACHABLE_CODE = YES;
				CLANG_WARN__DUPLICATE_METHOD_MATCH = YES;
				"CODE_SIGN_IDENTITY[sdk=iphoneos*]" = "iPhone Developer";
				COPY_PHASE_STRIP = NO;
				DEBUG_INFORMATION_FORMAT = "dwarf-with-dsym";
				ENABLE_STRICT_OBJC_MSGSEND = YES;
				GCC_C_LANGUAGE_STANDARD = gnu99;
				GCC_DYNAMIC_NO_PIC = NO;
				GCC_NO_COMMON_BLOCKS = YES;
				GCC_OPTIMIZATION_LEVEL = 0;
				GCC_PREPROCESSOR_DEFINITIONS = (
					"DEBUG=1",
					"$(inherited)",
				);
				GCC_SYMBOLS_PRIVATE_EXTERN = NO;
				GCC_WARN_64_TO_32_BIT_CONVERSION = YES;
				GCC_WARN_ABOUT_RETURN_TYPE = YES_ERROR;
				GCC_WARN_UNDECLARED_SELECTOR = YES;
				GCC_WARN_UNINITIALIZED_AUTOS = YES_AGGRESSIVE;
				GCC_WARN_UNUSED_FUNCTION = YES;
				GCC_WARN_UNUSED_VARIABLE = YES;
				IPHONEOS_DEPLOYMENT_TARGET = 8.3;
				MTL_ENABLE_DEBUG_INFO = YES;
				ONLY_ACTIVE_ARCH = YES;
				SDKROOT = iphoneos;
				SWIFT_OPTIMIZATION_LEVEL = "-Onone";
				TARGETED_DEVICE_FAMILY = "1,2";
			};
			name = Debug;
		};
		85151E7C1AE6C73E0003B148 /* Release */ = {
			isa = XCBuildConfiguration;
			buildSettings = {
				ALWAYS_SEARCH_USER_PATHS = NO;
				CLANG_CXX_LANGUAGE_STANDARD = "gnu++0x";
				CLANG_CXX_LIBRARY = "libc++";
				CLANG_ENABLE_MODULES = YES;
				CLANG_ENABLE_OBJC_ARC = YES;
				CLANG_WARN_BOOL_CONVERSION = YES;
				CLANG_WARN_CONSTANT_CONVERSION = YES;
				CLANG_WARN_DIRECT_OBJC_ISA_USAGE = YES_ERROR;
				CLANG_WARN_EMPTY_BODY = YES;
				CLANG_WARN_ENUM_CONVERSION = YES;
				CLANG_WARN_INT_CONVERSION = YES;
				CLANG_WARN_OBJC_ROOT_CLASS = YES_ERROR;
				CLANG_WARN_UNREACHABLE_CODE = YES;
				CLANG_WARN__DUPLICATE_METHOD_MATCH = YES;
				"CODE_SIGN_IDENTITY[sdk=iphoneos*]" = "iPhone Developer";
				COPY_PHASE_STRIP = NO;
				DEBUG_INFORMATION_FORMAT = "dwarf-with-dsym";
				ENABLE_NS_ASSERTIONS = NO;
				ENABLE_STRICT_OBJC_MSGSEND = YES;
				GCC_C_LANGUAGE_STANDARD = gnu99;
				GCC_NO_COMMON_BLOCKS = YES;
				GCC_WARN_64_TO_32_BIT_CONVERSION = YES;
				GCC_WARN_ABOUT_RETURN_TYPE = YES_ERROR;
				GCC_WARN_UNDECLARED_SELECTOR = YES;
				GCC_WARN_UNINITIALIZED_AUTOS = YES_AGGRESSIVE;
				GCC_WARN_UNUSED_FUNCTION = YES;
				GCC_WARN_UNUSED_VARIABLE = YES;
				IPHONEOS_DEPLOYMENT_TARGET = 8.3;
				MTL_ENABLE_DEBUG_INFO = NO;
				SDKROOT = iphoneos;
				TARGETED_DEVICE_FAMILY = "1,2";
				VALIDATE_PRODUCT = YES;
			};
			name = Release;
		};
		85151E7E1AE6C73E0003B148 /* Debug */ = {
			isa = XCBuildConfiguration;
			buildSettings = {
				ASSETCATALOG_COMPILER_APPICON_NAME = AppIcon;
				FRAMEWORK_SEARCH_PATHS = (
					"$(inherited)",
					"$(PROJECT_DIR)/FacebookEvents",
				);
				INFOPLIST_FILE = FacebookEvents/Info.plist;
				LD_RUNPATH_SEARCH_PATHS = "$(inherited) @executable_path/Frameworks";
				PRODUCT_NAME = "$(TARGET_NAME)";
				SWIFT_OBJC_BRIDGING_HEADER = "FacebookEvents/FacebookEvents-Bridging-Header.h";
			};
			name = Debug;
		};
		85151E7F1AE6C73E0003B148 /* Release */ = {
			isa = XCBuildConfiguration;
			buildSettings = {
				ASSETCATALOG_COMPILER_APPICON_NAME = AppIcon;
				FRAMEWORK_SEARCH_PATHS = (
					"$(inherited)",
					"$(PROJECT_DIR)/FacebookEvents",
				);
				INFOPLIST_FILE = FacebookEvents/Info.plist;
				LD_RUNPATH_SEARCH_PATHS = "$(inherited) @executable_path/Frameworks";
				PRODUCT_NAME = "$(TARGET_NAME)";
				SWIFT_OBJC_BRIDGING_HEADER = "FacebookEvents/FacebookEvents-Bridging-Header.h";
			};
			name = Release;
		};
		85151E811AE6C73E0003B148 /* Debug */ = {
			isa = XCBuildConfiguration;
			buildSettings = {
				BUNDLE_LOADER = "$(TEST_HOST)";
				FRAMEWORK_SEARCH_PATHS = (
					"$(SDKROOT)/Developer/Library/Frameworks",
					"$(inherited)",
				);
				GCC_PREPROCESSOR_DEFINITIONS = (
					"DEBUG=1",
					"$(inherited)",
				);
				INFOPLIST_FILE = FacebookEventsTests/Info.plist;
				LD_RUNPATH_SEARCH_PATHS = "$(inherited) @executable_path/Frameworks @loader_path/Frameworks";
				PRODUCT_NAME = "$(TARGET_NAME)";
				TEST_HOST = "$(BUILT_PRODUCTS_DIR)/FacebookEvents.app/FacebookEvents";
			};
			name = Debug;
		};
		85151E821AE6C73E0003B148 /* Release */ = {
			isa = XCBuildConfiguration;
			buildSettings = {
				BUNDLE_LOADER = "$(TEST_HOST)";
				FRAMEWORK_SEARCH_PATHS = (
					"$(SDKROOT)/Developer/Library/Frameworks",
					"$(inherited)",
				);
				INFOPLIST_FILE = FacebookEventsTests/Info.plist;
				LD_RUNPATH_SEARCH_PATHS = "$(inherited) @executable_path/Frameworks @loader_path/Frameworks";
				PRODUCT_NAME = "$(TARGET_NAME)";
				TEST_HOST = "$(BUILT_PRODUCTS_DIR)/FacebookEvents.app/FacebookEvents";
			};
			name = Release;
		};
/* End XCBuildConfiguration section */

/* Begin XCConfigurationList section */
		85151E591AE6C73D0003B148 /* Build configuration list for PBXProject "FacebookEvents" */ = {
			isa = XCConfigurationList;
			buildConfigurations = (
				85151E7B1AE6C73E0003B148 /* Debug */,
				85151E7C1AE6C73E0003B148 /* Release */,
			);
			defaultConfigurationIsVisible = 0;
			defaultConfigurationName = Release;
		};
		85151E7D1AE6C73E0003B148 /* Build configuration list for PBXNativeTarget "FacebookEvents" */ = {
			isa = XCConfigurationList;
			buildConfigurations = (
				85151E7E1AE6C73E0003B148 /* Debug */,
				85151E7F1AE6C73E0003B148 /* Release */,
			);
			defaultConfigurationIsVisible = 0;
			defaultConfigurationName = Release;
		};
		85151E801AE6C73E0003B148 /* Build configuration list for PBXNativeTarget "FacebookEventsTests" */ = {
			isa = XCConfigurationList;
			buildConfigurations = (
				85151E811AE6C73E0003B148 /* Debug */,
				85151E821AE6C73E0003B148 /* Release */,
			);
			defaultConfigurationIsVisible = 0;
			defaultConfigurationName = Release;
		};
/* End XCConfigurationList section */
	};
	rootObject = 85151E561AE6C73D0003B148 /* Project object */;
}
